{
  "lockfileVersion": 1,
  "workspaces": {
    "": {
      "name": "aura",
      "dependencies": {
        "@tanstack/react-form": "^1.25.0",
      },
    },
  },
  "packages": {
    "@tanstack/devtools-event-client": ["@tanstack/devtools-event-client@0.3.5", "", {}, "sha512-RL1f5ZlfZMpghrCIdzl6mLOFLTuhqmPNblZgBaeKfdtk5rfbjykurv+VfYydOFXj0vxVIoA2d/zT7xfD7Ph8fw=="],

    "@tanstack/form-core": ["@tanstack/form-core@1.25.0", "", { "dependencies": { "@tanstack/devtools-event-client": "^0.3.5", "@tanstack/pacer": "^0.15.3", "@tanstack/store": "^0.7.7" } }, "sha512-OEWW2uTOFMyRmHrVEiPOn+J27ekQ/vXwRAJt9kD8U8vCt8CmpClj989OOGGSBSVJtDNxGUcWyKF8gYznnqIyaw=="],

    "@tanstack/pacer": ["@tanstack/pacer@0.15.4", "", { "dependencies": { "@tanstack/devtools-event-client": "^0.3.2", "@tanstack/store": "^0.7.5" } }, "sha512-vGY+CWsFZeac3dELgB6UZ4c7OacwsLb8hvL2gLS6hTgy8Fl0Bm/aLokHaeDIP+q9F9HUZTnp360z9uv78eg8pg=="],

    "@tanstack/react-form": ["@tanstack/react-form@1.25.0", "", { "dependencies": { "@tanstack/form-core": "1.25.0", "@tanstack/react-store": "^0.7.7" }, "peerDependencies": { "react": "^17.0.0 || ^18.0.0 || ^19.0.0" } }, "sha512-SjKpBkjegNVW9WU+qlO8+/+kSbSEwo2zwHnrQz/yOnnJRhtdgubUt50LfeUtdzkMsbbptQ5MSZrXH03kidQjyw=="],

    "@tanstack/react-store": ["@tanstack/react-store@0.7.7", "", { "dependencies": { "@tanstack/store": "0.7.7", "use-sync-external-store": "^1.5.0" }, "peerDependencies": { "react": "^16.8.0 || ^17.0.0 || ^18.0.0 || ^19.0.0", "react-dom": "^16.8.0 || ^17.0.0 || ^18.0.0 || ^19.0.0" } }, "sha512-qqT0ufegFRDGSof9D/VqaZgjNgp4tRPHZIJq2+QIHkMUtHjaJ0lYrrXjeIUJvjnTbgPfSD1XgOMEt0lmANn6Zg=="],

    "@tanstack/store": ["@tanstack/store@0.7.7", "", {}, "sha512-xa6pTan1bcaqYDS9BDpSiS63qa6EoDkPN9RsRaxHuDdVDNntzq3xNwR5YKTU/V3SkSyC9T4YVOPh2zRQN0nhIQ=="],

    "react": ["react@19.2.0", "", {}, "sha512-tmbWg6W31tQLeB5cdIBOicJDJRR2KzXsV7uSK9iNfLWQ5bIZfxuPEHp7M8wiHyHnn0DD1i7w3Zmin0FtkrwoCQ=="],

    "react-dom": ["react-dom@19.2.0", "", { "dependencies": { "scheduler": "^0.27.0" }, "peerDependencies": { "react": "^19.2.0" } }, "sha512-UlbRu4cAiGaIewkPyiRGJk0imDN2T3JjieT6spoL2UeSf5od4n5LB/mQ4ejmxhCFT1tYe8IvaFulzynWovsEFQ=="],

    "scheduler": ["scheduler@0.27.0", "", {}, "sha512-eNv+WrVbKu1f3vbYJT/xtiF5syA5HPIMtf9IgY/nKg0sWqzAUEvqY/xm7OcZc/qafLx/iO9FgOmeSAp4v5ti/Q=="],

    "use-sync-external-store": ["use-sync-external-store@1.6.0", "", { "peerDependencies": { "react": "^16.8.0 || ^17.0.0 || ^18.0.0 || ^19.0.0" } }, "sha512-Pp6GSwGP/NrPIrxVFAIkOQeyw8lFenOHijQWkUTrDvrF4ALqylP2C/KCkeS9dpUM3KvYRQhna5vt7IL95+ZQ9w=="],
  }
}
